# This file is autogenerated, do not edit; changes may be undone by the next 'dep ensure'.


[[projects]]
  digest = "1:144e2b15060cc671f055cdc76c4e40db57da75fe4a6ae1c02ffc6894e05ddff5"
  name = "github.com/Azure/azure-sdk-for-go"
  packages = ["storage"]
  pruneopts = "UT"
  revision = "eae258195456be76b2ec9ad2ee2ab63cdda365d9"
  version = "v12.2.0-beta"

[[projects]]
  digest = "1:95ae070351d2baade42ff744c5464ae718d7d8b16947a0d2a7ab319fbf1b70c3"
  name = "github.com/Azure/go-autorest"
  packages = [
    "autorest",
    "autorest/adal",
    "autorest/azure",
    "autorest/date",
  ]
  pruneopts = "UT"
  revision = "8c58b4788dedd95779efe0ac2055bb6a1b9b8e01"
  version = "v9.7.0"

[[projects]]
  digest = "1:eb4d1ca4b70eaa434556f4b26dc02e02948bc7287dc2354470cee0942bb0a827"
  name = "github.com/Jeffail/gabs"
  packages = ["."]
  pruneopts = "UT"
  revision = "44cbc27138518b15305cb3eef220d04f2d641b9b"

[[projects]]
  digest = "1:d838e57c38f7130db1140dfefab68b02e37daa1e925b128a241b1dc866c11004"
  name = "github.com/aws/aws-sdk-go"
  packages = [
    "aws",
    "aws/awserr",
    "aws/awsutil",
    "aws/client",
    "aws/client/metadata",
    "aws/corehandlers",
    "aws/credentials",
    "aws/credentials/ec2rolecreds",
    "aws/credentials/endpointcreds",
    "aws/credentials/stscreds",
    "aws/defaults",
    "aws/ec2metadata",
    "aws/endpoints",
    "aws/request",
    "aws/session",
    "aws/signer/v4",
    "internal/shareddefaults",
    "private/protocol",
    "private/protocol/query",
    "private/protocol/query/queryutil",
    "private/protocol/rest",
    "private/protocol/restxml",
    "private/protocol/xml/xmlutil",
    "service/s3",
    "service/s3/s3iface",
    "service/s3/s3manager",
    "service/sts",
  ]
  pruneopts = "UT"
  revision = "8c6a611084ff32c030aeb61554c5b987b4cdf4eb"

[[projects]]
  digest = "1:5bb36304653e73c2ced864d49c9f344e7141a7ceef852442edcea212094ebc3c"
  name = "github.com/beorn7/perks"
  packages = ["quantile"]
  pruneopts = "UT"
  revision = "4c0e84591b9aa9e6dcfdf3e020114cd81f89d5f9"

[[projects]]
  digest = "1:f1b9edb1cdfcb67bce6523b5302292f669e158ea60afeeffbc6eaea40ea71531"
  name = "github.com/bouk/monkey"
  packages = ["."]
  pruneopts = "UT"
  revision = "5dace501dd6dad5b369748946db553903c8e839c"

[[projects]]
  digest = "1:ca1b8f4e09aace91f12108c06fce1fe675f2c299ab78bda8e60dc60adfd1ac54"
  name = "github.com/coreos/etcd"
  packages = [
    "client",
    "pkg/pathutil",
    "pkg/srv",
    "pkg/types",
    "version",
  ]
  pruneopts = "UT"
  revision = "ef23564ebffa4863bf538d29bab1ed735980bac6"

[[projects]]
  branch = "master"
  digest = "1:05ffeeed3f0f05520de0679f6aa3219ffee69cfd6d9fb6c194879d4c818ad670"
  name = "github.com/coreos/go-semver"
  packages = ["semver"]
  pruneopts = "UT"
  revision = "e214231b295a8ea9479f11b70b35d5acf3556d9b"

[[projects]]
  digest = "1:217f778e19b8d206112c21d21a7cc72ca3cb493b67631680a2324bc50335d432"
  name = "github.com/dgrijalva/jwt-go"
  packages = ["."]
  pruneopts = "UT"
  revision = "dbeaa9332f19a944acb5736b4456cfcc02140e29"
  version = "v3.1.0"

[[projects]]
  digest = "1:38c783cf85b9454cc02a1a8319239800ed0af6c1c864adf19cea0539e134adad"
  name = "github.com/fsnotify/fsnotify"
  packages = ["."]
  pruneopts = "UT"
  revision = "4da3e2cfbabc9f751898f250b49f2439785783a1"

[[projects]]
  digest = "1:19ea97688477f0c05ef94e9ddf48c5a2d8837b4ba781a1014c068293dcca2e5b"
  name = "github.com/go-ini/ini"
  packages = ["."]
  pruneopts = "UT"
  revision = "f55231ca73a76c1d61eb05fe0d64a1ccebf93cba"
  version = "v1.39.3"

[[projects]]
  digest = "1:e9684f376cdd9a3b44b0a0cb8c626ce5e907a5541fad0c50e1e6d5f8999609ae"
  name = "github.com/golang/protobuf"
  packages = ["proto"]
  pruneopts = "UT"
  revision = "8ee79997227bf9b34611aee7946ae64735e6fd93"

[[projects]]
  digest = "1:ae263e6b149fb7aadfc0f2284a8891cc3b9d2700e58b9a613fecf70fcc6e495d"
  name = "github.com/hashicorp/go-cleanhttp"
  packages = ["."]
  pruneopts = "UT"
  revision = "3573b8b52aa7b37b9358d966a898feb387f62437"

[[projects]]
  digest = "1:7685e52a1972f8f5cb20d9aa58faa8c032a6cd1bec67011d8a2463b56e705cad"
  name = "github.com/hashicorp/go-retryablehttp"
  packages = ["."]
  pruneopts = "UT"
  revision = "2d5f5dbd904dbad432492c3ca2c12c72c9e3045a"

[[projects]]
  digest = "1:b5090146529377f77830ae60f254e37bbf9bb89aac519829405c1ac010d1ec97"
  name = "github.com/hashicorp/hcl"
  packages = [
    ".",
    "hcl/ast",
    "hcl/parser",
    "hcl/scanner",
    "hcl/strconv",
    "hcl/token",
    "json/parser",
    "json/scanner",
    "json/token",
  ]
  pruneopts = "UT"
  revision = "392dba7d905ed5d04a5794ba89f558b27e2ba1ca"

[[projects]]
  digest = "1:79fcee4ce5b8d5c23232f0ed4dc8aec844abe3ca6606a5516aab99d7670b3e0b"
  name = "github.com/jasonlvhit/gocron"
  packages = ["."]
  pruneopts = "UT"
  revision = "42a5804d37aa0b9239b265e894a16b8edbf52d54"

[[projects]]
  digest = "1:e22af8c7518e1eab6f2eab2b7d7558927f816262586cd6ed9f349c97a6c285c4"
  name = "github.com/jmespath/go-jmespath"
  packages = ["."]
  pruneopts = "UT"
  revision = "0b12d6b5"

[[projects]]
  digest = "1:79c55505b38424ce7dc479e8e0813db40245434db95a5d2e3390bfa24047b43c"
  name = "github.com/magiconair/properties"
  packages = ["."]
  pruneopts = "UT"
  revision = "51463bfca2576e06c62a8504b5c0f06d61312647"

[[projects]]
  digest = "1:4e878df5f4e9fd625bf9c9aac77ef7cbfa4a74c01265505527c23470c0e40300"
  name = "github.com/marstr/guid"
  packages = ["."]
  pruneopts = "UT"
  revision = "8bdf7d1a087ccc975cf37dd6507da50698fd19ca"

[[projects]]
  digest = "1:ff5ebae34cfbf047d505ee150de27e60570e8c394b3b8fdbb720ff6ac71985fc"
  name = "github.com/matttproud/golang_protobuf_extensions"
  packages = ["pbutil"]
  pruneopts = "UT"
  revision = "c12348ce28de40eed0136aa2b644d0ee0650e56c"
  version = "v1.0.1"

[[projects]]
  digest = "1:3d64942cc75c655215a64496e35a2ca1a30ee0007cd24f41b57631486f3d083c"
  name = "github.com/mitchellh/mapstructure"
  packages = ["."]
  pruneopts = "UT"
  revision = "d0303fe809921458f417bcf828397a65db30a7e4"

[[projects]]
  branch = "master"
  digest = "1:dfe44bd3e54ba22f11bcbde8e4333dc87e868e343ebdd71243c61c2264eab1be"
  name = "github.com/mslocrian/mustache"
  packages = ["."]
  pruneopts = "UT"
  revision = "0ba5e8ce9e20a8f11660cfcea72d82f7e28bab84"

[[projects]]
  digest = "1:de0ddb0011faf826abe3009bdc202c7459100a3c87a0fb2d26145a1852356611"
  name = "github.com/pelletier/go-toml"
  packages = ["."]
  pruneopts = "UT"
  revision = "69d355db5304c0f7f809a2edc054553e7142f016"

[[projects]]
  digest = "1:249e4e26bcf53eee59710b337ed5fb88041e4cc0aeccc5be95494f14bf38fed3"
  name = "github.com/prometheus/client_golang"
  packages = [
    "prometheus",
    "prometheus/promhttp",
  ]
  pruneopts = "UT"
  revision = "575f371f7862609249a1be4c9145f429fe065e32"

[[projects]]
  digest = "1:9fe8945a11a9f588a9d306b4741cad634da9015a704271b9506810e2cc77fa17"
  name = "github.com/prometheus/client_model"
  packages = ["go"]
  pruneopts = "UT"
  revision = "fa8ad6fec33561be4280a8f0514318c79d7f6cb6"

[[projects]]
  digest = "1:d8eb54ba064d155389fdb417aca96e928404dd1a8054570da25c071096d2bd9b"
  name = "github.com/prometheus/common"
  packages = [
    "expfmt",
    "internal/bitbucket.org/ww/goautoneg",
    "model",
  ]
  pruneopts = "UT"
  revision = "e4aa40a9169a88835b849a6efb71e05dc04b88f0"

[[projects]]
  digest = "1:c735013c1ef5c8e7e5b4a755cba9ba19b6a60cbd1674efb601c2d46992b4bbc2"
  name = "github.com/prometheus/procfs"
  packages = ["."]
  pruneopts = "UT"
  revision = "fcdb11ccb4389efb1b210b7ffb623ab71c5fdd60"

[[projects]]
  digest = "1:274f67cb6fed9588ea2521ecdac05a6d62a8c51c074c1fccc6a49a40ba80e925"
  name = "github.com/satori/go.uuid"
  packages = ["."]
  pruneopts = "UT"
  revision = "f58768cc1a7a7e77a3bd49e98cdd21419399b6a3"
  version = "v1.2.0"

[[projects]]
  digest = "1:d323dc59501788c8f0de9e20546e404bdcc3d3b3cef124570abf9189a3d56ef4"
  name = "github.com/sirupsen/logrus"
  packages = ["."]
  pruneopts = "UT"
  revision = "90150a8ed11b6ce285e77e8af2b0109559ce4777"

[[projects]]
  digest = "1:612c049404353b151a3d9fd779b72a0905df1f799056c29202ad84d4fcb1b748"
  name = "github.com/spf13/afero"
  packages = [
    ".",
    "mem",
  ]
  pruneopts = "UT"
  revision = "9be650865eab0c12963d8753212f4f9c66cdcf12"

[[projects]]
  digest = "1:9b28ee2984c69d78afe2ce52b1650ba91a6381f355ff08c1d0e53d9e66bd62fe"
  name = "github.com/spf13/cast"
  packages = ["."]
  pruneopts = "UT"
  revision = "acbeb36b902d72a7a4c18e8f3241075e7ab763e4"
  version = "v1.1.0"

[[projects]]
  digest = "1:607ae0f96290fce9070c56c791ac0ad0ac73229aba148aced7bf08d9e273fff5"
  name = "github.com/spf13/jwalterweatherman"
  packages = ["."]
  pruneopts = "UT"
  revision = "0efa5202c04663c757d84f90f5219c1250baf94f"

[[projects]]
  digest = "1:1b21a2b4058a779f290c7341cd93267492e0ecea6c8b54f64a4a5fd7ff131034"
  name = "github.com/spf13/pflag"
  packages = ["."]
  pruneopts = "UT"
  revision = "e57e3eeb33f795204c1ca35f56c44f83227c6e66"
  version = "v1.0.0"

[[projects]]
  digest = "1:49565d32999da090739498f494bbb8202ff5a11067d9eb2b1d618bc02303e698"
  name = "github.com/spf13/viper"
  packages = ["."]
  pruneopts = "UT"
  revision = "c1de95864d73a5465492829d7cb2dd422b19ac96"

[[projects]]
  digest = "1:5c0cfb70503799108d33d80666ea5c4266614431c65095ce636155d875051a0c"
  name = "github.com/udhos/equalfile"
  packages = ["."]
  pruneopts = "UT"
  revision = "c92b0e41854b49e567ba269dcc572ada60e48e7b"

[[projects]]
  digest = "1:98e5cda86f67cd1ac95389d98670b66dea8cae480fe6292b83bccccfe60b4106"
  name = "github.com/ugorji/go"
  packages = ["codec"]
  pruneopts = "UT"
  revision = "f3cacc17c85ecb7f1b6a9e373ee85d1480919868"

[[projects]]
  digest = "1:9606ce8905fdfdd29f63fa7301b439d3fbaebccd19ee1c175ac41a1dc55008ad"
  name = "golang.org/x/crypto"
  packages = ["ssh/terminal"]
  pruneopts = "UT"
  revision = "adbae1b6b6fb4b02448a0fc0dbbc9ba2b95b294d"

[[projects]]
  digest = "1:691a437fb12a56860f9a72747541f9d752dd4fd921b55efb77fe8bb35857a0a5"
  name = "golang.org/x/sys"
  packages = ["unix"]
  pruneopts = "UT"
  revision = "90796e5a05ce440b41c768bd9af257005e470461"

[[projects]]
  digest = "1:c2e479b85643a71b8397b324f1d50dc9e7cb0db009dea2efc36ab67172a38bf3"
  name = "golang.org/x/text"
  packages = [
    "internal/gen",
    "internal/triegen",
    "internal/ucd",
    "transform",
    "unicode/cldr",
    "unicode/norm",
  ]
  pruneopts = "UT"
  revision = "6353ef0f924300eea566d3438817aa4d3374817e"

[[projects]]
  digest = "1:dcb51660fc1fd7bfa3f45305db912fa587c12c17658fd66b3ab55339b59ffbe6"
  name = "gopkg.in/check.v1"
  packages = ["."]
  pruneopts = "UT"
  revision = "20d25e2804050c1cd24a7eea1e7a6447dd0e74ec"

[[projects]]
  digest = "1:cacb98d52c60c337c2ce95a7af83ba0313a93ce5e73fa9e99a96aff70776b9d3"
  name = "gopkg.in/yaml.v2"
  packages = ["."]
  pruneopts = "UT"
  revision = "a5b47d31c556af34a302ce5d659e6fea44d90de0"

[solve-meta]
  analyzer-name = "dep"
  analyzer-version = 1
  input-imports = [
    "github.com/Azure/azure-sdk-for-go/storage",
    "github.com/Jeffail/gabs",
    "github.com/aws/aws-sdk-go/aws",
    "github.com/aws/aws-sdk-go/aws/awserr",
    "github.com/aws/aws-sdk-go/aws/credentials",
    "github.com/aws/aws-sdk-go/aws/session",
    "github.com/aws/aws-sdk-go/service/s3",
    "github.com/aws/aws-sdk-go/service/s3/s3manager",
    "github.com/bouk/monkey",
    "github.com/coreos/etcd/client",
    "github.com/hashicorp/go-retryablehttp",
    "github.com/jasonlvhit/gocron",
    "github.com/mslocrian/mustache",
    "github.com/prometheus/client_golang/prometheus",
    "github.com/prometheus/client_golang/prometheus/promhttp",
    "github.com/prometheus/client_model/go",
    "github.com/sirupsen/logrus",
    "github.com/spf13/viper",
    "github.com/udhos/equalfile",
    "gopkg.in/check.v1",
    "gopkg.in/yaml.v2",
  ]
  solver-name = "gps-cdcl"
  solver-version = 1
